
Microsoft Visual Studio Solution File, Format Version 12.00
# Visual Studio Version 17
VisualStudioVersion = 17.7.34031.279
MinimumVisualStudioVersion = 10.0.40219.1
Project("{2150E333-8FDC-42A3-9474-1A3956D46DE8}") = "src", "src", "{8ED774F4-D429-4B82-B768-50DCA8EFF609}"
EndProject
Project("{2150E333-8FDC-42A3-9474-1A3956D46DE8}") = "tests", "tests", "{792FFE57-F1A0-47A4-9E2A-80F75FF2F8DB}"
EndProject
Project("{9A19103F-16F7-4668-BE54-9A1E7A4F7556}") = "Lab1", "src\Lab1\Lab1.csproj", "{EABA4888-E6C1-4ACC-856E-FBD34CEA3EDB}"
EndProject
Project("{9A19103F-16F7-4668-BE54-9A1E7A4F7556}") = "Lab1.Tests", "tests\Lab1.Tests\Lab1.Tests.csproj", "{4CA1BCBB-A6F3-4ED0-9E5F-849FF093EDE1}"
EndProject
Project("{2150E333-8FDC-42A3-9474-1A3956D46DE8}") = "common", "common", "{21E20419-0C74-46BC-9D7D-A24CEEC29ACC}"
	ProjectSection(SolutionItems) = preProject
		.editorconfig = .editorconfig
		Directory.Build.props = Directory.Build.props
		Directory.Packages.props = Directory.Packages.props
	EndProjectSection
EndProject
Project("{9A19103F-16F7-4668-BE54-9A1E7A4F7556}") = "Lab2", "src\Lab2\Lab2.csproj", "{433B9342-A6BF-4194-8F08-727AADAE7504}"
EndProject
Project("{9A19103F-16F7-4668-BE54-9A1E7A4F7556}") = "Lab3", "src\Lab3\Lab3.csproj", "{43B4CD48-18D5-4EDE-80CB-86460F4C64CB}"
EndProject
Project("{9A19103F-16F7-4668-BE54-9A1E7A4F7556}") = "Lab4", "src\Lab4\Lab4.csproj", "{A53D3DBD-FA2D-47B4-90A9-B44AF07ADE71}"
EndProject
Project("{2150E333-8FDC-42A3-9474-1A3956D46DE8}") = "Lab5", "Lab5", "{55C309C9-B7DE-4F64-AFDE-A33F9C2AB2D4}"
EndProject
Project("{9A19103F-16F7-4668-BE54-9A1E7A4F7556}") = "Lab2.Tests", "tests\Lab2.Tests\Lab2.Tests.csproj", "{25D0E1F0-760B-4E76-B0D9-3EF274B35AF6}"
EndProject
Project("{9A19103F-16F7-4668-BE54-9A1E7A4F7556}") = "Lab3.Tests", "tests\Lab3.Tests\Lab3.Tests.csproj", "{7E5E46DB-EF55-47E6-822A-6AE20BF2FCD9}"
EndProject
Project("{9A19103F-16F7-4668-BE54-9A1E7A4F7556}") = "Lab4.Tests", "tests\Lab4.Tests\Lab4.Tests.csproj", "{17689E4A-FE4F-4893-8E28-3BA911DEC8D8}"
EndProject
Project("{9A19103F-16F7-4668-BE54-9A1E7A4F7556}") = "Lab5.Tests", "tests\Lab5.Tests\Lab5.Tests.csproj", "{FA627A62-AD7A-4A72-B15C-EC8AEFD206DB}"
	ProjectSection(ProjectDependencies) = postProject
		{EBCEFCB5-06CF-44E7-AC19-A24B6A8798B4} = {EBCEFCB5-06CF-44E7-AC19-A24B6A8798B4}
		{2C7D16E7-3FDB-461D-82CC-45E21442FC0D} = {2C7D16E7-3FDB-461D-82CC-45E21442FC0D}
		{36D3A498-58AD-4AEF-90E0-C4456589453E} = {36D3A498-58AD-4AEF-90E0-C4456589453E}
		{F997B3A3-AAE1-424E-8D61-B41523881963} = {F997B3A3-AAE1-424E-8D61-B41523881963}
		{3CD6A2CB-F7C4-47A0-924E-6F75A47F8186} = {3CD6A2CB-F7C4-47A0-924E-6F75A47F8186}
		{E1FEEC29-D9A8-4E8F-925C-D0A0388CB4DB} = {E1FEEC29-D9A8-4E8F-925C-D0A0388CB4DB}
	EndProjectSection
EndProject
Project("{9A19103F-16F7-4668-BE54-9A1E7A4F7556}") = "Application", "src\Lab5\Application\Application.csproj", "{EBCEFCB5-06CF-44E7-AC19-A24B6A8798B4}"
EndProject
Project("{9A19103F-16F7-4668-BE54-9A1E7A4F7556}") = "PostgresAdapter", "src\Lab5\PostgresAdapter\PostgresAdapter.csproj", "{2C7D16E7-3FDB-461D-82CC-45E21442FC0D}"
EndProject
Project("{FAE04EC0-301F-11D3-BF4B-00C04F79EFBC}") = "Ports", "src\Lab5\Ports\Ports.csproj", "{E1FEEC29-D9A8-4E8F-925C-D0A0388CB4DB}"
EndProject
Project("{FAE04EC0-301F-11D3-BF4B-00C04F79EFBC}") = "Domain", "src\Lab5\Domain\Domain.csproj", "{3CD6A2CB-F7C4-47A0-924E-6F75A47F8186}"
EndProject
Project("{FAE04EC0-301F-11D3-BF4B-00C04F79EFBC}") = "ConsoleApiAdapter", "src\Lab5\ConsoleApiAdapter\ConsoleApiAdapter.csproj", "{F997B3A3-AAE1-424E-8D61-B41523881963}"
EndProject
Project("{FAE04EC0-301F-11D3-BF4B-00C04F79EFBC}") = "Configurator", "src\Lab5\Configurator\Configurator.csproj", "{36D3A498-58AD-4AEF-90E0-C4456589453E}"
EndProject
Global
	GlobalSection(SolutionConfigurationPlatforms) = preSolution
		Debug|Any CPU = Debug|Any CPU
		Release|Any CPU = Release|Any CPU
	EndGlobalSection
	GlobalSection(ProjectConfigurationPlatforms) = postSolution
		{EABA4888-E6C1-4ACC-856E-FBD34CEA3EDB}.Debug|Any CPU.ActiveCfg = Debug|Any CPU
		{EABA4888-E6C1-4ACC-856E-FBD34CEA3EDB}.Debug|Any CPU.Build.0 = Debug|Any CPU
		{EABA4888-E6C1-4ACC-856E-FBD34CEA3EDB}.Release|Any CPU.ActiveCfg = Release|Any CPU
		{EABA4888-E6C1-4ACC-856E-FBD34CEA3EDB}.Release|Any CPU.Build.0 = Release|Any CPU
		{4CA1BCBB-A6F3-4ED0-9E5F-849FF093EDE1}.Debug|Any CPU.ActiveCfg = Debug|Any CPU
		{4CA1BCBB-A6F3-4ED0-9E5F-849FF093EDE1}.Debug|Any CPU.Build.0 = Debug|Any CPU
		{4CA1BCBB-A6F3-4ED0-9E5F-849FF093EDE1}.Release|Any CPU.ActiveCfg = Release|Any CPU
		{4CA1BCBB-A6F3-4ED0-9E5F-849FF093EDE1}.Release|Any CPU.Build.0 = Release|Any CPU
		{433B9342-A6BF-4194-8F08-727AADAE7504}.Debug|Any CPU.ActiveCfg = Debug|Any CPU
		{433B9342-A6BF-4194-8F08-727AADAE7504}.Debug|Any CPU.Build.0 = Debug|Any CPU
		{433B9342-A6BF-4194-8F08-727AADAE7504}.Release|Any CPU.ActiveCfg = Release|Any CPU
		{433B9342-A6BF-4194-8F08-727AADAE7504}.Release|Any CPU.Build.0 = Release|Any CPU
		{43B4CD48-18D5-4EDE-80CB-86460F4C64CB}.Debug|Any CPU.ActiveCfg = Debug|Any CPU
		{43B4CD48-18D5-4EDE-80CB-86460F4C64CB}.Debug|Any CPU.Build.0 = Debug|Any CPU
		{43B4CD48-18D5-4EDE-80CB-86460F4C64CB}.Release|Any CPU.ActiveCfg = Release|Any CPU
		{43B4CD48-18D5-4EDE-80CB-86460F4C64CB}.Release|Any CPU.Build.0 = Release|Any CPU
		{A53D3DBD-FA2D-47B4-90A9-B44AF07ADE71}.Debug|Any CPU.ActiveCfg = Debug|Any CPU
		{A53D3DBD-FA2D-47B4-90A9-B44AF07ADE71}.Debug|Any CPU.Build.0 = Debug|Any CPU
		{A53D3DBD-FA2D-47B4-90A9-B44AF07ADE71}.Release|Any CPU.ActiveCfg = Release|Any CPU
		{A53D3DBD-FA2D-47B4-90A9-B44AF07ADE71}.Release|Any CPU.Build.0 = Release|Any CPU
		{25D0E1F0-760B-4E76-B0D9-3EF274B35AF6}.Debug|Any CPU.ActiveCfg = Debug|Any CPU
		{25D0E1F0-760B-4E76-B0D9-3EF274B35AF6}.Debug|Any CPU.Build.0 = Debug|Any CPU
		{25D0E1F0-760B-4E76-B0D9-3EF274B35AF6}.Release|Any CPU.ActiveCfg = Release|Any CPU
		{25D0E1F0-760B-4E76-B0D9-3EF274B35AF6}.Release|Any CPU.Build.0 = Release|Any CPU
		{7E5E46DB-EF55-47E6-822A-6AE20BF2FCD9}.Debug|Any CPU.ActiveCfg = Debug|Any CPU
		{7E5E46DB-EF55-47E6-822A-6AE20BF2FCD9}.Debug|Any CPU.Build.0 = Debug|Any CPU
		{7E5E46DB-EF55-47E6-822A-6AE20BF2FCD9}.Release|Any CPU.ActiveCfg = Release|Any CPU
		{7E5E46DB-EF55-47E6-822A-6AE20BF2FCD9}.Release|Any CPU.Build.0 = Release|Any CPU
		{17689E4A-FE4F-4893-8E28-3BA911DEC8D8}.Debug|Any CPU.ActiveCfg = Debug|Any CPU
		{17689E4A-FE4F-4893-8E28-3BA911DEC8D8}.Debug|Any CPU.Build.0 = Debug|Any CPU
		{17689E4A-FE4F-4893-8E28-3BA911DEC8D8}.Release|Any CPU.ActiveCfg = Release|Any CPU
		{17689E4A-FE4F-4893-8E28-3BA911DEC8D8}.Release|Any CPU.Build.0 = Release|Any CPU
		{FA627A62-AD7A-4A72-B15C-EC8AEFD206DB}.Debug|Any CPU.ActiveCfg = Debug|Any CPU
		{FA627A62-AD7A-4A72-B15C-EC8AEFD206DB}.Debug|Any CPU.Build.0 = Debug|Any CPU
		{FA627A62-AD7A-4A72-B15C-EC8AEFD206DB}.Release|Any CPU.ActiveCfg = Release|Any CPU
		{FA627A62-AD7A-4A72-B15C-EC8AEFD206DB}.Release|Any CPU.Build.0 = Release|Any CPU
		{EBCEFCB5-06CF-44E7-AC19-A24B6A8798B4}.Debug|Any CPU.ActiveCfg = Debug|Any CPU
		{EBCEFCB5-06CF-44E7-AC19-A24B6A8798B4}.Debug|Any CPU.Build.0 = Debug|Any CPU
		{EBCEFCB5-06CF-44E7-AC19-A24B6A8798B4}.Release|Any CPU.ActiveCfg = Release|Any CPU
		{EBCEFCB5-06CF-44E7-AC19-A24B6A8798B4}.Release|Any CPU.Build.0 = Release|Any CPU
		{2C7D16E7-3FDB-461D-82CC-45E21442FC0D}.Debug|Any CPU.ActiveCfg = Debug|Any CPU
		{2C7D16E7-3FDB-461D-82CC-45E21442FC0D}.Debug|Any CPU.Build.0 = Debug|Any CPU
		{2C7D16E7-3FDB-461D-82CC-45E21442FC0D}.Release|Any CPU.ActiveCfg = Release|Any CPU
		{2C7D16E7-3FDB-461D-82CC-45E21442FC0D}.Release|Any CPU.Build.0 = Release|Any CPU
		{E1FEEC29-D9A8-4E8F-925C-D0A0388CB4DB}.Debug|Any CPU.ActiveCfg = Debug|Any CPU
		{E1FEEC29-D9A8-4E8F-925C-D0A0388CB4DB}.Debug|Any CPU.Build.0 = Debug|Any CPU
		{E1FEEC29-D9A8-4E8F-925C-D0A0388CB4DB}.Release|Any CPU.ActiveCfg = Release|Any CPU
		{E1FEEC29-D9A8-4E8F-925C-D0A0388CB4DB}.Release|Any CPU.Build.0 = Release|Any CPU
		{3CD6A2CB-F7C4-47A0-924E-6F75A47F8186}.Debug|Any CPU.ActiveCfg = Debug|Any CPU
		{3CD6A2CB-F7C4-47A0-924E-6F75A47F8186}.Debug|Any CPU.Build.0 = Debug|Any CPU
		{3CD6A2CB-F7C4-47A0-924E-6F75A47F8186}.Release|Any CPU.ActiveCfg = Release|Any CPU
		{3CD6A2CB-F7C4-47A0-924E-6F75A47F8186}.Release|Any CPU.Build.0 = Release|Any CPU
		{F997B3A3-AAE1-424E-8D61-B41523881963}.Debug|Any CPU.ActiveCfg = Debug|Any CPU
		{F997B3A3-AAE1-424E-8D61-B41523881963}.Debug|Any CPU.Build.0 = Debug|Any CPU
		{F997B3A3-AAE1-424E-8D61-B41523881963}.Release|Any CPU.ActiveCfg = Release|Any CPU
		{F997B3A3-AAE1-424E-8D61-B41523881963}.Release|Any CPU.Build.0 = Release|Any CPU
		{36D3A498-58AD-4AEF-90E0-C4456589453E}.Debug|Any CPU.ActiveCfg = Debug|Any CPU
		{36D3A498-58AD-4AEF-90E0-C4456589453E}.Debug|Any CPU.Build.0 = Debug|Any CPU
		{36D3A498-58AD-4AEF-90E0-C4456589453E}.Release|Any CPU.ActiveCfg = Release|Any CPU
		{36D3A498-58AD-4AEF-90E0-C4456589453E}.Release|Any CPU.Build.0 = Release|Any CPU
	EndGlobalSection
	GlobalSection(SolutionProperties) = preSolution
		HideSolutionNode = FALSE
	EndGlobalSection
	GlobalSection(NestedProjects) = preSolution
		{EABA4888-E6C1-4ACC-856E-FBD34CEA3EDB} = {8ED774F4-D429-4B82-B768-50DCA8EFF609}
		{4CA1BCBB-A6F3-4ED0-9E5F-849FF093EDE1} = {792FFE57-F1A0-47A4-9E2A-80F75FF2F8DB}
		{433B9342-A6BF-4194-8F08-727AADAE7504} = {8ED774F4-D429-4B82-B768-50DCA8EFF609}
		{43B4CD48-18D5-4EDE-80CB-86460F4C64CB} = {8ED774F4-D429-4B82-B768-50DCA8EFF609}
		{A53D3DBD-FA2D-47B4-90A9-B44AF07ADE71} = {8ED774F4-D429-4B82-B768-50DCA8EFF609}
		{55C309C9-B7DE-4F64-AFDE-A33F9C2AB2D4} = {8ED774F4-D429-4B82-B768-50DCA8EFF609}
		{25D0E1F0-760B-4E76-B0D9-3EF274B35AF6} = {792FFE57-F1A0-47A4-9E2A-80F75FF2F8DB}
		{7E5E46DB-EF55-47E6-822A-6AE20BF2FCD9} = {792FFE57-F1A0-47A4-9E2A-80F75FF2F8DB}
		{17689E4A-FE4F-4893-8E28-3BA911DEC8D8} = {792FFE57-F1A0-47A4-9E2A-80F75FF2F8DB}
		{FA627A62-AD7A-4A72-B15C-EC8AEFD206DB} = {792FFE57-F1A0-47A4-9E2A-80F75FF2F8DB}
		{EBCEFCB5-06CF-44E7-AC19-A24B6A8798B4} = {55C309C9-B7DE-4F64-AFDE-A33F9C2AB2D4}
		{2C7D16E7-3FDB-461D-82CC-45E21442FC0D} = {55C309C9-B7DE-4F64-AFDE-A33F9C2AB2D4}
		{E1FEEC29-D9A8-4E8F-925C-D0A0388CB4DB} = {55C309C9-B7DE-4F64-AFDE-A33F9C2AB2D4}
		{3CD6A2CB-F7C4-47A0-924E-6F75A47F8186} = {55C309C9-B7DE-4F64-AFDE-A33F9C2AB2D4}
		{F997B3A3-AAE1-424E-8D61-B41523881963} = {55C309C9-B7DE-4F64-AFDE-A33F9C2AB2D4}
		{36D3A498-58AD-4AEF-90E0-C4456589453E} = {55C309C9-B7DE-4F64-AFDE-A33F9C2AB2D4}
	EndGlobalSection
	GlobalSection(ExtensibilityGlobals) = postSolution
		SolutionGuid = {5951CE22-9728-4098-A222-183786D95F01}
	EndGlobalSection
EndGlobal
